
Microsoft Visual Studio Solution File, Format Version 12.00
# Visual Studio Version 16
VisualStudioVersion = 16.0.30804.86
MinimumVisualStudioVersion = 10.0.40219.1
Project("{FAE04EC0-301F-11D3-BF4B-00C04F79EFBC}") = "Presentacion", "Presentacion.csproj", "{71D77F86-9AEC-4D47-AA35-782A86BE3A2C}"
EndProject
Project("{FAE04EC0-301F-11D3-BF4B-00C04F79EFBC}") = "Negocios", "..\Negocios\Negocios.csproj", "{8014397A-B0E3-4C56-A6B0-EE0CC2D73C25}"
EndProject
Project("{FAE04EC0-301F-11D3-BF4B-00C04F79EFBC}") = "Dominio", "..\Dominio\Dominio.csproj", "{A69014E5-B84B-43FC-A94C-E2060FAC301D}"
EndProject
Global
	GlobalSection(SolutionConfigurationPlatforms) = preSolution
		Debug|Any CPU = Debug|Any CPU
		Release|Any CPU = Release|Any CPU
	EndGlobalSection
	GlobalSection(ProjectConfigurationPlatforms) = postSolution
		{71D77F86-9AEC-4D47-AA35-782A86BE3A2C}.Debug|Any CPU.ActiveCfg = Debug|Any CPU
		{71D77F86-9AEC-4D47-AA35-782A86BE3A2C}.Debug|Any CPU.Build.0 = Debug|Any CPU
		{71D77F86-9AEC-4D47-AA35-782A86BE3A2C}.Release|Any CPU.ActiveCfg = Release|Any CPU
		{71D77F86-9AEC-4D47-AA35-782A86BE3A2C}.Release|Any CPU.Build.0 = Release|Any CPU
		{8014397A-B0E3-4C56-A6B0-EE0CC2D73C25}.Debug|Any CPU.ActiveCfg = Debug|Any CPU
		{8014397A-B0E3-4C56-A6B0-EE0CC2D73C25}.Debug|Any CPU.Build.0 = Debug|Any CPU
		{8014397A-B0E3-4C56-A6B0-EE0CC2D73C25}.Release|Any CPU.ActiveCfg = Release|Any CPU
		{8014397A-B0E3-4C56-A6B0-EE0CC2D73C25}.Release|Any CPU.Build.0 = Release|Any CPU
		{A69014E5-B84B-43FC-A94C-E2060FAC301D}.Debug|Any CPU.ActiveCfg = Debug|Any CPU
		{A69014E5-B84B-43FC-A94C-E2060FAC301D}.Debug|Any CPU.Build.0 = Debug|Any CPU
		{A69014E5-B84B-43FC-A94C-E2060FAC301D}.Release|Any CPU.ActiveCfg = Release|Any CPU
		{A69014E5-B84B-43FC-A94C-E2060FAC301D}.Release|Any CPU.Build.0 = Release|Any CPU
	EndGlobalSection
	GlobalSection(SolutionProperties) = preSolution
		HideSolutionNode = FALSE
	EndGlobalSection
	GlobalSection(ExtensibilityGlobals) = postSolution
		SolutionGuid = {100AACC9-B349-4936-B144-3785CE6E2F9C}
	EndGlobalSection
EndGlobal
